// !$*UTF8*$!
{
	archiveVersion = 1;
	classes = {
	};
	objectVersion = 50;
	objects = {

/* Begin PBXBuildFile section */
		D21EA4042339F6C2001DF122 /* MBParameters.swift in Sources */ = {isa = PBXBuildFile; fileRef = D21EA4032339F6C2001DF122 /* MBParameters.swift */; };
		D21EA4062339FEE8001DF122 /* MBRequest.swift in Sources */ = {isa = PBXBuildFile; fileRef = D21EA4052339FEE8001DF122 /* MBRequest.swift */; };
		D25555BD228EF55300CAA71D /* MBNetworking.framework in Frameworks */ = {isa = PBXBuildFile; fileRef = D25555B3228EF55300CAA71D /* MBNetworking.framework */; };
		D25555C2228EF55300CAA71D /* MBNetworkingTests.swift in Sources */ = {isa = PBXBuildFile; fileRef = D25555C1228EF55300CAA71D /* MBNetworkingTests.swift */; };
		D25555C4228EF55300CAA71D /* MBNetworking.h in Headers */ = {isa = PBXBuildFile; fileRef = D25555B6228EF55300CAA71D /* MBNetworking.h */; settings = {ATTRIBUTES = (Public, ); }; };
		D2F21BC223391702004A360A /* MBResult.swift in Sources */ = {isa = PBXBuildFile; fileRef = D2F21BBF23391702004A360A /* MBResult.swift */; };
		D2F21BC323391702004A360A /* MBValidation.swift in Sources */ = {isa = PBXBuildFile; fileRef = D2F21BC023391702004A360A /* MBValidation.swift */; };
		D2F21BC423391702004A360A /* MBError.swift in Sources */ = {isa = PBXBuildFile; fileRef = D2F21BC123391702004A360A /* MBError.swift */; };
		D2F21BC623391707004A360A /* MBNetworking.swift in Sources */ = {isa = PBXBuildFile; fileRef = D2F21BC523391707004A360A /* MBNetworking.swift */; };
		D2F21BC82339170D004A360A /* MBResponse.swift in Sources */ = {isa = PBXBuildFile; fileRef = D2F21BC72339170D004A360A /* MBResponse.swift */; };
		D2FB12A3233A4D3800949E27 /* MBMulitpartFormData.swift in Sources */ = {isa = PBXBuildFile; fileRef = D2FB12A2233A4D3800949E27 /* MBMulitpartFormData.swift */; };
/* End PBXBuildFile section */

/* Begin PBXContainerItemProxy section */
		D25555BE228EF55300CAA71D /* PBXContainerItemProxy */ = {
			isa = PBXContainerItemProxy;
			containerPortal = D25555AA228EF55300CAA71D /* Project object */;
			proxyType = 1;
			remoteGlobalIDString = D25555B2228EF55300CAA71D;
			remoteInfo = MBNetworking;
		};
/* End PBXContainerItemProxy section */

/* Begin PBXFileReference section */
		D21EA4032339F6C2001DF122 /* MBParameters.swift */ = {isa = PBXFileReference; lastKnownFileType = sourcecode.swift; path = MBParameters.swift; sourceTree = "<group>"; };
		D21EA4052339FEE8001DF122 /* MBRequest.swift */ = {isa = PBXFileReference; lastKnownFileType = sourcecode.swift; path = MBRequest.swift; sourceTree = "<group>"; };
		D25555B3228EF55300CAA71D /* MBNetworking.framework */ = {isa = PBXFileReference; explicitFileType = wrapper.framework; includeInIndex = 0; path = MBNetworking.framework; sourceTree = BUILT_PRODUCTS_DIR; };
		D25555B6228EF55300CAA71D /* MBNetworking.h */ = {isa = PBXFileReference; lastKnownFileType = sourcecode.c.h; path = MBNetworking.h; sourceTree = "<group>"; };
		D25555B7228EF55300CAA71D /* Info.plist */ = {isa = PBXFileReference; lastKnownFileType = text.plist.xml; path = Info.plist; sourceTree = "<group>"; };
		D25555BC228EF55300CAA71D /* MBNetworkingTests.xctest */ = {isa = PBXFileReference; explicitFileType = wrapper.cfbundle; includeInIndex = 0; path = MBNetworkingTests.xctest; sourceTree = BUILT_PRODUCTS_DIR; };
		D25555C1228EF55300CAA71D /* MBNetworkingTests.swift */ = {isa = PBXFileReference; lastKnownFileType = sourcecode.swift; path = MBNetworkingTests.swift; sourceTree = "<group>"; };
		D25555C3228EF55300CAA71D /* Info.plist */ = {isa = PBXFileReference; lastKnownFileType = text.plist.xml; path = Info.plist; sourceTree = "<group>"; };
		D2F21BBF23391702004A360A /* MBResult.swift */ = {isa = PBXFileReference; fileEncoding = 4; lastKnownFileType = sourcecode.swift; path = MBResult.swift; sourceTree = "<group>"; };
		D2F21BC023391702004A360A /* MBValidation.swift */ = {isa = PBXFileReference; fileEncoding = 4; lastKnownFileType = sourcecode.swift; path = MBValidation.swift; sourceTree = "<group>"; };
		D2F21BC123391702004A360A /* MBError.swift */ = {isa = PBXFileReference; fileEncoding = 4; lastKnownFileType = sourcecode.swift; path = MBError.swift; sourceTree = "<group>"; };
		D2F21BC523391707004A360A /* MBNetworking.swift */ = {isa = PBXFileReference; fileEncoding = 4; lastKnownFileType = sourcecode.swift; path = MBNetworking.swift; sourceTree = "<group>"; };
		D2F21BC72339170D004A360A /* MBResponse.swift */ = {isa = PBXFileReference; fileEncoding = 4; lastKnownFileType = sourcecode.swift; path = MBResponse.swift; sourceTree = "<group>"; };
		D2FB12A2233A4D3800949E27 /* MBMulitpartFormData.swift */ = {isa = PBXFileReference; lastKnownFileType = sourcecode.swift; path = MBMulitpartFormData.swift; sourceTree = "<group>"; };
/* End PBXFileReference section */

/* Begin PBXFrameworksBuildPhase section */
		D25555B0228EF55300CAA71D /* Frameworks */ = {
			isa = PBXFrameworksBuildPhase;
			buildActionMask = 2147483647;
			files = (
			);
			runOnlyForDeploymentPostprocessing = 0;
		};
		D25555B9228EF55300CAA71D /* Frameworks */ = {
			isa = PBXFrameworksBuildPhase;
			buildActionMask = 2147483647;
			files = (
				D25555BD228EF55300CAA71D /* MBNetworking.framework in Frameworks */,
			);
			runOnlyForDeploymentPostprocessing = 0;
		};
/* End PBXFrameworksBuildPhase section */

/* Begin PBXGroup section */
		D25555A9228EF55300CAA71D = {
			isa = PBXGroup;
			children = (
				D25555B5228EF55300CAA71D /* MBNetworking */,
				D25555C0228EF55300CAA71D /* MBNetworkingTests */,
				D25555B4228EF55300CAA71D /* Products */,
			);
			sourceTree = "<group>";
		};
		D25555B4228EF55300CAA71D /* Products */ = {
			isa = PBXGroup;
			children = (
				D25555B3228EF55300CAA71D /* MBNetworking.framework */,
				D25555BC228EF55300CAA71D /* MBNetworkingTests.xctest */,
			);
			name = Products;
			sourceTree = "<group>";
		};
		D25555B5228EF55300CAA71D /* MBNetworking */ = {
			isa = PBXGroup;
			children = (
				D25555B6228EF55300CAA71D /* MBNetworking.h */,
				D2F21BC523391707004A360A /* MBNetworking.swift */,
				D2F21BC123391702004A360A /* MBError.swift */,
				D21EA4032339F6C2001DF122 /* MBParameters.swift */,
				D2F21BBF23391702004A360A /* MBResult.swift */,
				D2F21BC72339170D004A360A /* MBResponse.swift */,
				D2F21BC023391702004A360A /* MBValidation.swift */,
				D21EA4052339FEE8001DF122 /* MBRequest.swift */,
				D2FB12A2233A4D3800949E27 /* MBMulitpartFormData.swift */,
				D25555B7228EF55300CAA71D /* Info.plist */,
			);
			path = MBNetworking;
			sourceTree = "<group>";
		};
		D25555C0228EF55300CAA71D /* MBNetworkingTests */ = {
			isa = PBXGroup;
			children = (
				D25555C1228EF55300CAA71D /* MBNetworkingTests.swift */,
				D25555C3228EF55300CAA71D /* Info.plist */,
			);
			path = MBNetworkingTests;
			sourceTree = "<group>";
		};
/* End PBXGroup section */

/* Begin PBXHeadersBuildPhase section */
		D25555AE228EF55300CAA71D /* Headers */ = {
			isa = PBXHeadersBuildPhase;
			buildActionMask = 2147483647;
			files = (
				D25555C4228EF55300CAA71D /* MBNetworking.h in Headers */,
			);
			runOnlyForDeploymentPostprocessing = 0;
		};
/* End PBXHeadersBuildPhase section */

/* Begin PBXNativeTarget section */
		D25555B2228EF55300CAA71D /* MBNetworking */ = {
			isa = PBXNativeTarget;
			buildConfigurationList = D25555C7228EF55300CAA71D /* Build configuration list for PBXNativeTarget "MBNetworking" */;
			buildPhases = (
				D25555AE228EF55300CAA71D /* Headers */,
				D25555AF228EF55300CAA71D /* Sources */,
				D25555B0228EF55300CAA71D /* Frameworks */,
				D25555B1228EF55300CAA71D /* Resources */,
				ECA9713A234485EA0099804F /* SwiftLint */,
			);
			buildRules = (
			);
			dependencies = (
			);
			name = MBNetworking;
			productName = MBNetworking;
			productReference = D25555B3228EF55300CAA71D /* MBNetworking.framework */;
			productType = "com.apple.product-type.framework";
		};
		D25555BB228EF55300CAA71D /* MBNetworkingTests */ = {
			isa = PBXNativeTarget;
			buildConfigurationList = D25555CA228EF55300CAA71D /* Build configuration list for PBXNativeTarget "MBNetworkingTests" */;
			buildPhases = (
				D25555B8228EF55300CAA71D /* Sources */,
				D25555B9228EF55300CAA71D /* Frameworks */,
				D25555BA228EF55300CAA71D /* Resources */,
			);
			buildRules = (
			);
			dependencies = (
				D25555BF228EF55300CAA71D /* PBXTargetDependency */,
			);
			name = MBNetworkingTests;
			productName = MBNetworkingTests;
			productReference = D25555BC228EF55300CAA71D /* MBNetworkingTests.xctest */;
			productType = "com.apple.product-type.bundle.unit-test";
		};
/* End PBXNativeTarget section */

/* Begin PBXProject section */
		D25555AA228EF55300CAA71D /* Project object */ = {
			isa = PBXProject;
			attributes = {
				LastSwiftUpdateCheck = 1020;
				LastUpgradeCheck = 1020;
				ORGANIZATIONNAME = "Alessadro Viviani";
				TargetAttributes = {
					D25555B2228EF55300CAA71D = {
						CreatedOnToolsVersion = 10.2.1;
						LastSwiftMigration = 1100;
					};
					D25555BB228EF55300CAA71D = {
						CreatedOnToolsVersion = 10.2.1;
					};
				};
			};
			buildConfigurationList = D25555AD228EF55300CAA71D /* Build configuration list for PBXProject "MBNetworking" */;
			compatibilityVersion = "Xcode 9.3";
			developmentRegion = en;
			hasScannedForEncodings = 0;
			knownRegions = (
				en,
				Base,
			);
			mainGroup = D25555A9228EF55300CAA71D;
			productRefGroup = D25555B4228EF55300CAA71D /* Products */;
			projectDirPath = "";
			projectRoot = "";
			targets = (
				D25555B2228EF55300CAA71D /* MBNetworking */,
				D25555BB228EF55300CAA71D /* MBNetworkingTests */,
			);
		};
/* End PBXProject section */

/* Begin PBXResourcesBuildPhase section */
		D25555B1228EF55300CAA71D /* Resources */ = {
			isa = PBXResourcesBuildPhase;
			buildActionMask = 2147483647;
			files = (
			);
			runOnlyForDeploymentPostprocessing = 0;
		};
		D25555BA228EF55300CAA71D /* Resources */ = {
			isa = PBXResourcesBuildPhase;
			buildActionMask = 2147483647;
			files = (
			);
			runOnlyForDeploymentPostprocessing = 0;
		};
/* End PBXResourcesBuildPhase section */

/* Begin PBXShellScriptBuildPhase section */
		ECA9713A234485EA0099804F /* SwiftLint */ = {
			isa = PBXShellScriptBuildPhase;
			buildActionMask = 2147483647;
			files = (
			);
			inputFileListPaths = (
			);
			inputPaths = (
			);
			name = SwiftLint;
			outputFileListPaths = (
			);
			outputPaths = (
			);
			runOnlyForDeploymentPostprocessing = 0;
			shellPath = /bin/sh;
			shellScript = "if which swiftlint >/dev/null; then\n  swiftlint\nelse\n  echo \"warning: SwiftLint not installed, download from https://github.com/realm/SwiftLint\"\nfi\n";
		};
/* End PBXShellScriptBuildPhase section */

/* Begin PBXSourcesBuildPhase section */
		D25555AF228EF55300CAA71D /* Sources */ = {
			isa = PBXSourcesBuildPhase;
			buildActionMask = 2147483647;
			files = (
				D21EA4042339F6C2001DF122 /* MBParameters.swift in Sources */,
				D2F21BC82339170D004A360A /* MBResponse.swift in Sources */,
				D2F21BC223391702004A360A /* MBResult.swift in Sources */,
				D2FB12A3233A4D3800949E27 /* MBMulitpartFormData.swift in Sources */,
				D2F21BC323391702004A360A /* MBValidation.swift in Sources */,
				D2F21BC423391702004A360A /* MBError.swift in Sources */,
				D2F21BC623391707004A360A /* MBNetworking.swift in Sources */,
				D21EA4062339FEE8001DF122 /* MBRequest.swift in Sources */,
			);
			runOnlyForDeploymentPostprocessing = 0;
		};
		D25555B8228EF55300CAA71D /* Sources */ = {
			isa = PBXSourcesBuildPhase;
			buildActionMask = 2147483647;
			files = (
				D25555C2228EF55300CAA71D /* MBNetworkingTests.swift in Sources */,
			);
			runOnlyForDeploymentPostprocessing = 0;
		};
/* End PBXSourcesBuildPhase section */

/* Begin PBXTargetDependency section */
		D25555BF228EF55300CAA71D /* PBXTargetDependency */ = {
			isa = PBXTargetDependency;
			target = D25555B2228EF55300CAA71D /* MBNetworking */;
			targetProxy = D25555BE228EF55300CAA71D /* PBXContainerItemProxy */;
		};
/* End PBXTargetDependency section */

/* Begin XCBuildConfiguration section */
		D25555C5228EF55300CAA71D /* Debug */ = {
			isa = XCBuildConfiguration;
			buildSettings = {
				ALWAYS_SEARCH_USER_PATHS = NO;
				CLANG_ANALYZER_NONNULL = YES;
				CLANG_ANALYZER_NUMBER_OBJECT_CONVERSION = YES_AGGRESSIVE;
				CLANG_CXX_LANGUAGE_STANDARD = "gnu++14";
				CLANG_CXX_LIBRARY = "libc++";
				CLANG_ENABLE_MODULES = YES;
				CLANG_ENABLE_OBJC_ARC = YES;
				CLANG_ENABLE_OBJC_WEAK = YES;
				CLANG_WARN_BLOCK_CAPTURE_AUTORELEASING = YES;
				CLANG_WARN_BOOL_CONVERSION = YES;
				CLANG_WARN_COMMA = YES;
				CLANG_WARN_CONSTANT_CONVERSION = YES;
				CLANG_WARN_DEPRECATED_OBJC_IMPLEMENTATIONS = YES;
				CLANG_WARN_DIRECT_OBJC_ISA_USAGE = YES_ERROR;
				CLANG_WARN_DOCUMENTATION_COMMENTS = YES;
				CLANG_WARN_EMPTY_BODY = YES;
				CLANG_WARN_ENUM_CONVERSION = YES;
				CLANG_WARN_INFINITE_RECURSION = YES;
				CLANG_WARN_INT_CONVERSION = YES;
				CLANG_WARN_NON_LITERAL_NULL_CONVERSION = YES;
				CLANG_WARN_OBJC_IMPLICIT_RETAIN_SELF = YES;
				CLANG_WARN_OBJC_LITERAL_CONVERSION = YES;
				CLANG_WARN_OBJC_ROOT_CLASS = YES_ERROR;
				CLANG_WARN_RANGE_LOOP_ANALYSIS = YES;
				CLANG_WARN_STRICT_PROTOTYPES = YES;
				CLANG_WARN_SUSPICIOUS_MOVE = YES;
				CLANG_WARN_UNGUARDED_AVAILABILITY = YES_AGGRESSIVE;
				CLANG_WARN_UNREACHABLE_CODE = YES;
				CLANG_WARN__DUPLICATE_METHOD_MATCH = YES;
				CODE_SIGN_IDENTITY = "iPhone Developer";
				COPY_PHASE_STRIP = NO;
				CURRENT_PROJECT_VERSION = 1;
				DEBUG_INFORMATION_FORMAT = dwarf;
				ENABLE_STRICT_OBJC_MSGSEND = YES;
				ENABLE_TESTABILITY = YES;
				GCC_C_LANGUAGE_STANDARD = gnu11;
				GCC_DYNAMIC_NO_PIC = NO;
				GCC_NO_COMMON_BLOCKS = YES;
				GCC_OPTIMIZATION_LEVEL = 0;
				GCC_PREPROCESSOR_DEFINITIONS = (
					"DEBUG=1",
					"$(inherited)",
				);
				GCC_WARN_64_TO_32_BIT_CONVERSION = YES;
				GCC_WARN_ABOUT_RETURN_TYPE = YES_ERROR;
				GCC_WARN_UNDECLARED_SELECTOR = YES;
				GCC_WARN_UNINITIALIZED_AUTOS = YES_AGGRESSIVE;
				GCC_WARN_UNUSED_FUNCTION = YES;
				GCC_WARN_UNUSED_VARIABLE = YES;
				IPHONEOS_DEPLOYMENT_TARGET = 11.0;
				MTL_ENABLE_DEBUG_INFO = INCLUDE_SOURCE;
				MTL_FAST_MATH = YES;
				ONLY_ACTIVE_ARCH = YES;
				SDKROOT = iphoneos;
				SWIFT_ACTIVE_COMPILATION_CONDITIONS = DEBUG;
				SWIFT_OPTIMIZATION_LEVEL = "-Onone";
				VERSIONING_SYSTEM = "apple-generic";
				VERSION_INFO_PREFIX = "";
			};
			name = Debug;
		};
		D25555C6228EF55300CAA71D /* Release */ = {
			isa = XCBuildConfiguration;
			buildSettings = {
				ALWAYS_SEARCH_USER_PATHS = NO;
				CLANG_ANALYZER_NONNULL = YES;
				CLANG_ANALYZER_NUMBER_OBJECT_CONVERSION = YES_AGGRESSIVE;
				CLANG_CXX_LANGUAGE_STANDARD = "gnu++14";
				CLANG_CXX_LIBRARY = "libc++";
				CLANG_ENABLE_MODULES = YES;
				CLANG_ENABLE_OBJC_ARC = YES;
				CLANG_ENABLE_OBJC_WEAK = YES;
				CLANG_WARN_BLOCK_CAPTURE_AUTORELEASING = YES;
				CLANG_WARN_BOOL_CONVERSION = YES;
				CLANG_WARN_COMMA = YES;
				CLANG_WARN_CONSTANT_CONVERSION = YES;
				CLANG_WARN_DEPRECATED_OBJC_IMPLEMENTATIONS = YES;
				CLANG_WARN_DIRECT_OBJC_ISA_USAGE = YES_ERROR;
				CLANG_WARN_DOCUMENTATION_COMMENTS = YES;
				CLANG_WARN_EMPTY_BODY = YES;
				CLANG_WARN_ENUM_CONVERSION = YES;
				CLANG_WARN_INFINITE_RECURSION = YES;
				CLANG_WARN_INT_CONVERSION = YES;
				CLANG_WARN_NON_LITERAL_NULL_CONVERSION = YES;
				CLANG_WARN_OBJC_IMPLICIT_RETAIN_SELF = YES;
				CLANG_WARN_OBJC_LITERAL_CONVERSION = YES;
				CLANG_WARN_OBJC_ROOT_CLASS = YES_ERROR;
				CLANG_WARN_RANGE_LOOP_ANALYSIS = YES;
				CLANG_WARN_STRICT_PROTOTYPES = YES;
				CLANG_WARN_SUSPICIOUS_MOVE = YES;
				CLANG_WARN_UNGUARDED_AVAILABILITY = YES_AGGRESSIVE;
				CLANG_WARN_UNREACHABLE_CODE = YES;
				CLANG_WARN__DUPLICATE_METHOD_MATCH = YES;
				CODE_SIGN_IDENTITY = "iPhone Developer";
				COPY_PHASE_STRIP = NO;
				CURRENT_PROJECT_VERSION = 1;
				DEBUG_INFORMATION_FORMAT = "dwarf-with-dsym";
				ENABLE_NS_ASSERTIONS = NO;
				ENABLE_STRICT_OBJC_MSGSEND = YES;
				GCC_C_LANGUAGE_STANDARD = gnu11;
				GCC_NO_COMMON_BLOCKS = YES;
				GCC_WARN_64_TO_32_BIT_CONVERSION = YES;
				GCC_WARN_ABOUT_RETURN_TYPE = YES_ERROR;
				GCC_WARN_UNDECLARED_SELECTOR = YES;
				GCC_WARN_UNINITIALIZED_AUTOS = YES_AGGRESSIVE;
				GCC_WARN_UNUSED_FUNCTION = YES;
				GCC_WARN_UNUSED_VARIABLE = YES;
				IPHONEOS_DEPLOYMENT_TARGET = 11.0;
				MTL_ENABLE_DEBUG_INFO = NO;
				MTL_FAST_MATH = YES;
				SDKROOT = iphoneos;
				SWIFT_COMPILATION_MODE = wholemodule;
				SWIFT_OPTIMIZATION_LEVEL = "-O";
				VALIDATE_PRODUCT = YES;
				VERSIONING_SYSTEM = "apple-generic";
				VERSION_INFO_PREFIX = "";
			};
			name = Release;
		};
		D25555C8228EF55300CAA71D /* Debug */ = {
			isa = XCBuildConfiguration;
			buildSettings = {
				CLANG_ENABLE_MODULES = YES;
				CODE_SIGN_IDENTITY = "";
				CODE_SIGN_STYLE = Automatic;
				DEFINES_MODULE = YES;
				DEVELOPMENT_TEAM = NLWE69W5UV;
				DYLIB_COMPATIBILITY_VERSION = 1;
				DYLIB_CURRENT_VERSION = 1;
				DYLIB_INSTALL_NAME_BASE = "@rpath";
				INFOPLIST_FILE = MBNetworking/Info.plist;
				INSTALL_PATH = "$(LOCAL_LIBRARY_DIR)/Frameworks";
				IPHONEOS_DEPLOYMENT_TARGET = 10.0;
				LD_RUNPATH_SEARCH_PATHS = (
					"$(inherited)",
					"@executable_path/Frameworks",
					"@loader_path/Frameworks",
				);
				PRODUCT_BUNDLE_IDENTIFIER = com.mumble.MBNetworking;
				PRODUCT_NAME = "$(TARGET_NAME:c99extidentifier)";
				SKIP_INSTALL = YES;
				SWIFT_OPTIMIZATION_LEVEL = "-Onone";
				SWIFT_VERSION = 5.0;
				TARGETED_DEVICE_FAMILY = "1,2";
			};
			name = Debug;
		};
		D25555C9228EF55300CAA71D /* Release */ = {
			isa = XCBuildConfiguration;
			buildSettings = {
				CLANG_ENABLE_MODULES = YES;
				CODE_SIGN_IDENTITY = "";
				CODE_SIGN_STYLE = Automatic;
				DEFINES_MODULE = YES;
				DEVELOPMENT_TEAM = NLWE69W5UV;
				DYLIB_COMPATIBILITY_VERSION = 1;
				DYLIB_CURRENT_VERSION = 1;
				DYLIB_INSTALL_NAME_BASE = "@rpath";
				INFOPLIST_FILE = MBNetworking/Info.plist;
				INSTALL_PATH = "$(LOCAL_LIBRARY_DIR)/Frameworks";
				IPHONEOS_DEPLOYMENT_TARGET = 10.0;
				LD_RUNPATH_SEARCH_PATHS = (
					"$(inherited)",
					"@executable_path/Frameworks",
					"@loader_path/Frameworks",
				);
				PRODUCT_BUNDLE_IDENTIFIER = com.mumble.MBNetworking;
				PRODUCT_NAME = "$(TARGET_NAME:c99extidentifier)";
				SKIP_INSTALL = YES;
				SWIFT_VERSION = 5.0;
				TARGETED_DEVICE_FAMILY = "1,2";
			};
			name = Release;
		};
		D25555CB228EF55300CAA71D /* Debug */ = {
			isa = XCBuildConfiguration;
			buildSettings = {
				ALWAYS_EMBED_SWIFT_STANDARD_LIBRARIES = YES;
				CODE_SIGN_STYLE = Automatic;
				DEVELOPMENT_TEAM = NLWE69W5UV;
				INFOPLIST_FILE = MBNetworkingTests/Info.plist;
				LD_RUNPATH_SEARCH_PATHS = (
					"$(inherited)",
					"@executable_path/Frameworks",
					"@loader_path/Frameworks",
				);
				PRODUCT_BUNDLE_IDENTIFIER = com.mumble.MBNetworkingTests;
				PRODUCT_NAME = "$(TARGET_NAME)";
				SWIFT_VERSION = 5.0;
				TARGETED_DEVICE_FAMILY = "1,2";
			};
			name = Debug;
		};
		D25555CC228EF55300CAA71D /* Release */ = {
			isa = XCBuildConfiguration;
			buildSettings = {
				ALWAYS_EMBED_SWIFT_STANDARD_LIBRARIES = YES;
				CODE_SIGN_STYLE = Automatic;
				DEVELOPMENT_TEAM = NLWE69W5UV;
				INFOPLIST_FILE = MBNetworkingTests/Info.plist;
				LD_RUNPATH_SEARCH_PATHS = (
					"$(inherited)",
					"@executable_path/Frameworks",
					"@loader_path/Frameworks",
				);
				PRODUCT_BUNDLE_IDENTIFIER = com.mumble.MBNetworkingTests;
				PRODUCT_NAME = "$(TARGET_NAME)";
				SWIFT_VERSION = 5.0;
				TARGETED_DEVICE_FAMILY = "1,2";
			};
			name = Release;
		};
/* End XCBuildConfiguration section */

/* Begin XCConfigurationList section */
		D25555AD228EF55300CAA71D /* Build configuration list for PBXProject "MBNetworking" */ = {
			isa = XCConfigurationList;
			buildConfigurations = (
				D25555C5228EF55300CAA71D /* Debug */,
				D25555C6228EF55300CAA71D /* Release */,
			);
			defaultConfigurationIsVisible = 0;
			defaultConfigurationName = Release;
		};
		D25555C7228EF55300CAA71D /* Build configuration list for PBXNativeTarget "MBNetworking" */ = {
			isa = XCConfigurationList;
			buildConfigurations = (
				D25555C8228EF55300CAA71D /* Debug */,
				D25555C9228EF55300CAA71D /* Release */,
			);
			defaultConfigurationIsVisible = 0;
			defaultConfigurationName = Release;
		};
		D25555CA228EF55300CAA71D /* Build configuration list for PBXNativeTarget "MBNetworkingTests" */ = {
			isa = XCConfigurationList;
			buildConfigurations = (
				D25555CB228EF55300CAA71D /* Debug */,
				D25555CC228EF55300CAA71D /* Release */,
			);
			defaultConfigurationIsVisible = 0;
			defaultConfigurationName = Release;
		};
/* End XCConfigurationList section */
	};
	rootObject = D25555AA228EF55300CAA71D /* Project object */;
}
